
Microsoft Visual Studio Solution File, Format Version 12.00
# Visual Studio Version 17
VisualStudioVersion = 17.4.32912.340
MinimumVisualStudioVersion = 10.0.40219.1
Project("{2150E333-8FDC-42A3-9474-1A3956D46DE8}") = "src", "src", "{402C4FA4-227B-40FB-843C-20BA5806C72D}"
EndProject
Project("{2150E333-8FDC-42A3-9474-1A3956D46DE8}") = "test", "test", "{585B99F0-6A02-457A-9BAD-4A2FDCEC84CC}"
EndProject
Project("{9A19103F-16F7-4668-BE54-9A1E7A4F7556}") = "Nice.Snowflake", "src\Nice.Snowflake\Nice.Snowflake.csproj", "{5E22775E-E003-4AF7-A275-C0D614290BD9}"
EndProject
Project("{9A19103F-16F7-4668-BE54-9A1E7A4F7556}") = "Nice.Snowflake.Benchmark", "test\Nice.Snowflake.Benchmark\Nice.Snowflake.Benchmark.csproj", "{8EF0455A-8808-4840-94BA-2BE0D681AE9B}"
EndProject
Project("{9A19103F-16F7-4668-BE54-9A1E7A4F7556}") = "Nice.Snowflake.Tests", "test\Nice.Snowflake.Tests\Nice.Snowflake.Tests.csproj", "{C72BA448-629A-410A-9517-3436BBACC373}"
EndProject
Project("{9A19103F-16F7-4668-BE54-9A1E7A4F7556}") = "Nice.Leaf", "src\Nice.Leaf\Nice.Leaf.csproj", "{071175D6-C626-4B4B-8A60-6A4A7C1B1FF2}"
EndProject
Project("{9A19103F-16F7-4668-BE54-9A1E7A4F7556}") = "Nice.Leaf.Tests", "test\Nice.Leaf.Tests\Nice.Leaf.Tests.csproj", "{B2A8393C-C2BC-4968-B539-1E353C494682}"
EndProject
Project("{2150E333-8FDC-42A3-9474-1A3956D46DE8}") = "sample", "sample", "{38F46C34-9409-4D5B-AB6F-90D41B0932CF}"
EndProject
Project("{9A19103F-16F7-4668-BE54-9A1E7A4F7556}") = "Nice.Leaf.ConsoleDemo", "sample\Nice.Leaf.ConsoleDemo\Nice.Leaf.ConsoleDemo.csproj", "{6D13A5DF-1507-4E2B-B417-1F2B5C5FFB26}"
EndProject
Project("{9A19103F-16F7-4668-BE54-9A1E7A4F7556}") = "Nice.Leaf.Benchmark", "test\Nice.Leaf.Benchmark\Nice.Leaf.Benchmark.csproj", "{7623DFE5-A3F8-4275-8D05-4AD64EC1AF4A}"
EndProject
Project("{9A19103F-16F7-4668-BE54-9A1E7A4F7556}") = "Nice.Snowflake.ConsoleDemo", "sample\Nice.Snowflake.ConsoleDemo\Nice.Snowflake.ConsoleDemo.csproj", "{CA11ED1A-4031-4917-9EA1-1BFEFFE5AD2E}"
EndProject
Project("{2150E333-8FDC-42A3-9474-1A3956D46DE8}") = "解决方案项", "解决方案项", "{B64A02DA-6F2C-4A11-8A76-E56C18084EF4}"
	ProjectSection(SolutionItems) = preProject
		.gitattributes = .gitattributes
		.gitignore = .gitignore
		LICENSE.txt = LICENSE.txt
		Nice.png = Nice.png
		README.MD = README.MD
	EndProjectSection
EndProject
Project("{2150E333-8FDC-42A3-9474-1A3956D46DE8}") = "build", "build", "{FFBF239D-A5F8-4B5D-9580-CB5274DF9E6E}"
	ProjectSection(SolutionItems) = preProject
		build\common.props = build\common.props
		build\version.props = build\version.props
	EndProjectSection
EndProject
Global
	GlobalSection(SolutionConfigurationPlatforms) = preSolution
		Debug|Any CPU = Debug|Any CPU
		Release|Any CPU = Release|Any CPU
	EndGlobalSection
	GlobalSection(ProjectConfigurationPlatforms) = postSolution
		{5E22775E-E003-4AF7-A275-C0D614290BD9}.Debug|Any CPU.ActiveCfg = Debug|Any CPU
		{5E22775E-E003-4AF7-A275-C0D614290BD9}.Debug|Any CPU.Build.0 = Debug|Any CPU
		{5E22775E-E003-4AF7-A275-C0D614290BD9}.Release|Any CPU.ActiveCfg = Release|Any CPU
		{5E22775E-E003-4AF7-A275-C0D614290BD9}.Release|Any CPU.Build.0 = Release|Any CPU
		{8EF0455A-8808-4840-94BA-2BE0D681AE9B}.Debug|Any CPU.ActiveCfg = Debug|Any CPU
		{8EF0455A-8808-4840-94BA-2BE0D681AE9B}.Debug|Any CPU.Build.0 = Debug|Any CPU
		{8EF0455A-8808-4840-94BA-2BE0D681AE9B}.Release|Any CPU.ActiveCfg = Release|Any CPU
		{8EF0455A-8808-4840-94BA-2BE0D681AE9B}.Release|Any CPU.Build.0 = Release|Any CPU
		{C72BA448-629A-410A-9517-3436BBACC373}.Debug|Any CPU.ActiveCfg = Debug|Any CPU
		{C72BA448-629A-410A-9517-3436BBACC373}.Debug|Any CPU.Build.0 = Debug|Any CPU
		{C72BA448-629A-410A-9517-3436BBACC373}.Release|Any CPU.ActiveCfg = Release|Any CPU
		{C72BA448-629A-410A-9517-3436BBACC373}.Release|Any CPU.Build.0 = Release|Any CPU
		{071175D6-C626-4B4B-8A60-6A4A7C1B1FF2}.Debug|Any CPU.ActiveCfg = Debug|Any CPU
		{071175D6-C626-4B4B-8A60-6A4A7C1B1FF2}.Debug|Any CPU.Build.0 = Debug|Any CPU
		{071175D6-C626-4B4B-8A60-6A4A7C1B1FF2}.Release|Any CPU.ActiveCfg = Release|Any CPU
		{071175D6-C626-4B4B-8A60-6A4A7C1B1FF2}.Release|Any CPU.Build.0 = Release|Any CPU
		{B2A8393C-C2BC-4968-B539-1E353C494682}.Debug|Any CPU.ActiveCfg = Debug|Any CPU
		{B2A8393C-C2BC-4968-B539-1E353C494682}.Debug|Any CPU.Build.0 = Debug|Any CPU
		{B2A8393C-C2BC-4968-B539-1E353C494682}.Release|Any CPU.ActiveCfg = Release|Any CPU
		{B2A8393C-C2BC-4968-B539-1E353C494682}.Release|Any CPU.Build.0 = Release|Any CPU
		{6D13A5DF-1507-4E2B-B417-1F2B5C5FFB26}.Debug|Any CPU.ActiveCfg = Debug|Any CPU
		{6D13A5DF-1507-4E2B-B417-1F2B5C5FFB26}.Debug|Any CPU.Build.0 = Debug|Any CPU
		{6D13A5DF-1507-4E2B-B417-1F2B5C5FFB26}.Release|Any CPU.ActiveCfg = Release|Any CPU
		{6D13A5DF-1507-4E2B-B417-1F2B5C5FFB26}.Release|Any CPU.Build.0 = Release|Any CPU
		{7623DFE5-A3F8-4275-8D05-4AD64EC1AF4A}.Debug|Any CPU.ActiveCfg = Debug|Any CPU
		{7623DFE5-A3F8-4275-8D05-4AD64EC1AF4A}.Debug|Any CPU.Build.0 = Debug|Any CPU
		{7623DFE5-A3F8-4275-8D05-4AD64EC1AF4A}.Release|Any CPU.ActiveCfg = Release|Any CPU
		{7623DFE5-A3F8-4275-8D05-4AD64EC1AF4A}.Release|Any CPU.Build.0 = Release|Any CPU
		{CA11ED1A-4031-4917-9EA1-1BFEFFE5AD2E}.Debug|Any CPU.ActiveCfg = Debug|Any CPU
		{CA11ED1A-4031-4917-9EA1-1BFEFFE5AD2E}.Debug|Any CPU.Build.0 = Debug|Any CPU
		{CA11ED1A-4031-4917-9EA1-1BFEFFE5AD2E}.Release|Any CPU.ActiveCfg = Release|Any CPU
		{CA11ED1A-4031-4917-9EA1-1BFEFFE5AD2E}.Release|Any CPU.Build.0 = Release|Any CPU
	EndGlobalSection
	GlobalSection(SolutionProperties) = preSolution
		HideSolutionNode = FALSE
	EndGlobalSection
	GlobalSection(NestedProjects) = preSolution
		{5E22775E-E003-4AF7-A275-C0D614290BD9} = {402C4FA4-227B-40FB-843C-20BA5806C72D}
		{8EF0455A-8808-4840-94BA-2BE0D681AE9B} = {585B99F0-6A02-457A-9BAD-4A2FDCEC84CC}
		{C72BA448-629A-410A-9517-3436BBACC373} = {585B99F0-6A02-457A-9BAD-4A2FDCEC84CC}
		{071175D6-C626-4B4B-8A60-6A4A7C1B1FF2} = {402C4FA4-227B-40FB-843C-20BA5806C72D}
		{B2A8393C-C2BC-4968-B539-1E353C494682} = {585B99F0-6A02-457A-9BAD-4A2FDCEC84CC}
		{6D13A5DF-1507-4E2B-B417-1F2B5C5FFB26} = {38F46C34-9409-4D5B-AB6F-90D41B0932CF}
		{7623DFE5-A3F8-4275-8D05-4AD64EC1AF4A} = {585B99F0-6A02-457A-9BAD-4A2FDCEC84CC}
		{CA11ED1A-4031-4917-9EA1-1BFEFFE5AD2E} = {38F46C34-9409-4D5B-AB6F-90D41B0932CF}
		{FFBF239D-A5F8-4B5D-9580-CB5274DF9E6E} = {B64A02DA-6F2C-4A11-8A76-E56C18084EF4}
	EndGlobalSection
	GlobalSection(ExtensibilityGlobals) = postSolution
		SolutionGuid = {1629D40B-46D7-4C0C-B442-D181FA08CE1E}
	EndGlobalSection
EndGlobal
